{
  "name": "quest",
  "version": "0.2.0",
  "lockfileVersion": 1,
  "requires": true,
  "dependencies": {
    "interp1": {
      "version": "1.0.13",
      "resolved": "https://registry.npmjs.org/interp1/-/interp1-1.0.13.tgz",
      "integrity": "sha512-PXr0VuuuKIwdA3/Hk/RQBsIyWy0w8Ui2da5ajhADwGQFWx1g1DxvWi0XVnGsroZaMXcKA5snYACQ+33WOnVDAg=="
    }
  }
}
